
Microsoft Visual Studio Solution File, Format Version 12.00
# Visual Studio 15
VisualStudioVersion = 15.0.27004.2002
MinimumVisualStudioVersion = 10.0.40219.1
Project("{9A19103F-16F7-4668-BE54-9A1E7A4F7556}") = "01. Regeh", "01. Regeh\01. Regeh.csproj", "{711C0601-4DFC-41D2-9976-6E4AD5B845E2}"
EndProject
Project("{9A19103F-16F7-4668-BE54-9A1E7A4F7556}") = "02. KnightGame", "02. KnightGame\02. KnightGame.csproj", "{4BA1429C-1FEA-4BBE-9BB4-AA1B5B82A0B5}"
EndProject
Project("{9A19103F-16F7-4668-BE54-9A1E7A4F7556}") = "03. NumberWars", "03. NumberWars\03. NumberWars.csproj", "{840C740A-C4B8-4108-A08F-6C73A9A2DBC9}"
EndProject
Project("{9A19103F-16F7-4668-BE54-9A1E7A4F7556}") = "04. Hospital", "04. Hospital\04. Hospital.csproj", "{4FD43046-B328-4F87-8B8C-692ADB0CB501}"
EndProject
Global
	GlobalSection(SolutionConfigurationPlatforms) = preSolution
		Debug|Any CPU = Debug|Any CPU
		Release|Any CPU = Release|Any CPU
	EndGlobalSection
	GlobalSection(ProjectConfigurationPlatforms) = postSolution
		{711C0601-4DFC-41D2-9976-6E4AD5B845E2}.Debug|Any CPU.ActiveCfg = Debug|Any CPU
		{711C0601-4DFC-41D2-9976-6E4AD5B845E2}.Debug|Any CPU.Build.0 = Debug|Any CPU
		{711C0601-4DFC-41D2-9976-6E4AD5B845E2}.Release|Any CPU.ActiveCfg = Release|Any CPU
		{711C0601-4DFC-41D2-9976-6E4AD5B845E2}.Release|Any CPU.Build.0 = Release|Any CPU
		{4BA1429C-1FEA-4BBE-9BB4-AA1B5B82A0B5}.Debug|Any CPU.ActiveCfg = Debug|Any CPU
		{4BA1429C-1FEA-4BBE-9BB4-AA1B5B82A0B5}.Debug|Any CPU.Build.0 = Debug|Any CPU
		{4BA1429C-1FEA-4BBE-9BB4-AA1B5B82A0B5}.Release|Any CPU.ActiveCfg = Release|Any CPU
		{4BA1429C-1FEA-4BBE-9BB4-AA1B5B82A0B5}.Release|Any CPU.Build.0 = Release|Any CPU
		{840C740A-C4B8-4108-A08F-6C73A9A2DBC9}.Debug|Any CPU.ActiveCfg = Debug|Any CPU
		{840C740A-C4B8-4108-A08F-6C73A9A2DBC9}.Debug|Any CPU.Build.0 = Debug|Any CPU
		{840C740A-C4B8-4108-A08F-6C73A9A2DBC9}.Release|Any CPU.ActiveCfg = Release|Any CPU
		{840C740A-C4B8-4108-A08F-6C73A9A2DBC9}.Release|Any CPU.Build.0 = Release|Any CPU
		{4FD43046-B328-4F87-8B8C-692ADB0CB501}.Debug|Any CPU.ActiveCfg = Debug|Any CPU
		{4FD43046-B328-4F87-8B8C-692ADB0CB501}.Debug|Any CPU.Build.0 = Debug|Any CPU
		{4FD43046-B328-4F87-8B8C-692ADB0CB501}.Release|Any CPU.ActiveCfg = Release|Any CPU
		{4FD43046-B328-4F87-8B8C-692ADB0CB501}.Release|Any CPU.Build.0 = Release|Any CPU
	EndGlobalSection
	GlobalSection(SolutionProperties) = preSolution
		HideSolutionNode = FALSE
	EndGlobalSection
	GlobalSection(ExtensibilityGlobals) = postSolution
		SolutionGuid = {63ED744A-2CC5-4B44-BD77-814F6B94D6C1}
	EndGlobalSection
EndGlobal
