
Microsoft Visual Studio Solution File, Format Version 12.00
# Visual Studio 15
VisualStudioVersion = 15.0.27004.2002
MinimumVisualStudioVersion = 10.0.40219.1
Project("{9A19103F-16F7-4668-BE54-9A1E7A4F7556}") = "01. CubicArtillery", "01. CubicArtillery\01. CubicArtillery.csproj", "{AD840F8B-103A-4B3D-9B27-66F945A84DA1}"
EndProject
Project("{9A19103F-16F7-4668-BE54-9A1E7A4F7556}") = "02. CubicsRube", "02. CubicsRube\02. CubicsRube.csproj", "{38B83B97-94C0-405E-858C-5F448FEC1ABA}"
EndProject
Project("{FAE04EC0-301F-11D3-BF4B-00C04F79EFBC}") = "03. CubicMessages", "03. CubicMessages\03. CubicMessages.csproj", "{5DA8FB71-DD3B-4277-A7C3-C99BC7B0C796}"
EndProject
Project("{FAE04EC0-301F-11D3-BF4B-00C04F79EFBC}") = "04. CubicAssault", "04. CubicAssault\04. CubicAssault.csproj", "{333ACA8C-13C6-4CE7-AD3B-2AC5E0513A27}"
EndProject
Global
	GlobalSection(SolutionConfigurationPlatforms) = preSolution
		Debug|Any CPU = Debug|Any CPU
		Release|Any CPU = Release|Any CPU
	EndGlobalSection
	GlobalSection(ProjectConfigurationPlatforms) = postSolution
		{AD840F8B-103A-4B3D-9B27-66F945A84DA1}.Debug|Any CPU.ActiveCfg = Debug|Any CPU
		{AD840F8B-103A-4B3D-9B27-66F945A84DA1}.Debug|Any CPU.Build.0 = Debug|Any CPU
		{AD840F8B-103A-4B3D-9B27-66F945A84DA1}.Release|Any CPU.ActiveCfg = Release|Any CPU
		{AD840F8B-103A-4B3D-9B27-66F945A84DA1}.Release|Any CPU.Build.0 = Release|Any CPU
		{38B83B97-94C0-405E-858C-5F448FEC1ABA}.Debug|Any CPU.ActiveCfg = Debug|Any CPU
		{38B83B97-94C0-405E-858C-5F448FEC1ABA}.Debug|Any CPU.Build.0 = Debug|Any CPU
		{38B83B97-94C0-405E-858C-5F448FEC1ABA}.Release|Any CPU.ActiveCfg = Release|Any CPU
		{38B83B97-94C0-405E-858C-5F448FEC1ABA}.Release|Any CPU.Build.0 = Release|Any CPU
		{5DA8FB71-DD3B-4277-A7C3-C99BC7B0C796}.Debug|Any CPU.ActiveCfg = Debug|Any CPU
		{5DA8FB71-DD3B-4277-A7C3-C99BC7B0C796}.Debug|Any CPU.Build.0 = Debug|Any CPU
		{5DA8FB71-DD3B-4277-A7C3-C99BC7B0C796}.Release|Any CPU.ActiveCfg = Release|Any CPU
		{5DA8FB71-DD3B-4277-A7C3-C99BC7B0C796}.Release|Any CPU.Build.0 = Release|Any CPU
		{333ACA8C-13C6-4CE7-AD3B-2AC5E0513A27}.Debug|Any CPU.ActiveCfg = Debug|Any CPU
		{333ACA8C-13C6-4CE7-AD3B-2AC5E0513A27}.Debug|Any CPU.Build.0 = Debug|Any CPU
		{333ACA8C-13C6-4CE7-AD3B-2AC5E0513A27}.Release|Any CPU.ActiveCfg = Release|Any CPU
		{333ACA8C-13C6-4CE7-AD3B-2AC5E0513A27}.Release|Any CPU.Build.0 = Release|Any CPU
	EndGlobalSection
	GlobalSection(SolutionProperties) = preSolution
		HideSolutionNode = FALSE
	EndGlobalSection
	GlobalSection(ExtensibilityGlobals) = postSolution
		SolutionGuid = {4292B92A-CA80-4B0E-B054-1A024CF5990A}
	EndGlobalSection
EndGlobal
