
Microsoft Visual Studio Solution File, Format Version 12.00
# Visual Studio 15
VisualStudioVersion = 15.0.27004.2002
MinimumVisualStudioVersion = 10.0.40219.1
Project("{FAE04EC0-301F-11D3-BF4B-00C04F79EFBC}") = "01. KeyRevolver", "01. KeyRevolver\01. KeyRevolver.csproj", "{2B8203A2-6257-498C-9574-A1B60AA6EF0B}"
EndProject
Project("{FAE04EC0-301F-11D3-BF4B-00C04F79EFBC}") = "02. Sneaking", "02. Sneaking\02. Sneaking.csproj", "{7F271E2E-E76E-4AFC-BF36-04716C79029E}"
EndProject
Project("{FAE04EC0-301F-11D3-BF4B-00C04F79EFBC}") = "03. CryptoBlockchain", "03. CryptoBlockchain\03. CryptoBlockchain.csproj", "{0C5D8C5E-7B7C-446F-A9DD-6B368041833F}"
EndProject
Project("{FAE04EC0-301F-11D3-BF4B-00C04F79EFBC}") = "04. HitList", "04. HitList\04. HitList.csproj", "{C4C616A2-0D28-41D4-8F8D-F8002F3B36F8}"
EndProject
Global
	GlobalSection(SolutionConfigurationPlatforms) = preSolution
		Debug|Any CPU = Debug|Any CPU
		Release|Any CPU = Release|Any CPU
	EndGlobalSection
	GlobalSection(ProjectConfigurationPlatforms) = postSolution
		{2B8203A2-6257-498C-9574-A1B60AA6EF0B}.Debug|Any CPU.ActiveCfg = Debug|Any CPU
		{2B8203A2-6257-498C-9574-A1B60AA6EF0B}.Debug|Any CPU.Build.0 = Debug|Any CPU
		{2B8203A2-6257-498C-9574-A1B60AA6EF0B}.Release|Any CPU.ActiveCfg = Release|Any CPU
		{2B8203A2-6257-498C-9574-A1B60AA6EF0B}.Release|Any CPU.Build.0 = Release|Any CPU
		{7F271E2E-E76E-4AFC-BF36-04716C79029E}.Debug|Any CPU.ActiveCfg = Debug|Any CPU
		{7F271E2E-E76E-4AFC-BF36-04716C79029E}.Debug|Any CPU.Build.0 = Debug|Any CPU
		{7F271E2E-E76E-4AFC-BF36-04716C79029E}.Release|Any CPU.ActiveCfg = Release|Any CPU
		{7F271E2E-E76E-4AFC-BF36-04716C79029E}.Release|Any CPU.Build.0 = Release|Any CPU
		{0C5D8C5E-7B7C-446F-A9DD-6B368041833F}.Debug|Any CPU.ActiveCfg = Debug|Any CPU
		{0C5D8C5E-7B7C-446F-A9DD-6B368041833F}.Debug|Any CPU.Build.0 = Debug|Any CPU
		{0C5D8C5E-7B7C-446F-A9DD-6B368041833F}.Release|Any CPU.ActiveCfg = Release|Any CPU
		{0C5D8C5E-7B7C-446F-A9DD-6B368041833F}.Release|Any CPU.Build.0 = Release|Any CPU
		{C4C616A2-0D28-41D4-8F8D-F8002F3B36F8}.Debug|Any CPU.ActiveCfg = Debug|Any CPU
		{C4C616A2-0D28-41D4-8F8D-F8002F3B36F8}.Debug|Any CPU.Build.0 = Debug|Any CPU
		{C4C616A2-0D28-41D4-8F8D-F8002F3B36F8}.Release|Any CPU.ActiveCfg = Release|Any CPU
		{C4C616A2-0D28-41D4-8F8D-F8002F3B36F8}.Release|Any CPU.Build.0 = Release|Any CPU
	EndGlobalSection
	GlobalSection(SolutionProperties) = preSolution
		HideSolutionNode = FALSE
	EndGlobalSection
	GlobalSection(ExtensibilityGlobals) = postSolution
		SolutionGuid = {C7247145-92D4-49B9-9FD1-3B172566BC2C}
	EndGlobalSection
EndGlobal
