
Microsoft Visual Studio Solution File, Format Version 12.00
# Visual Studio 15
VisualStudioVersion = 15.0.27004.2002
MinimumVisualStudioVersion = 10.0.40219.1
Project("{9A19103F-16F7-4668-BE54-9A1E7A4F7556}") = "01. DangerousFloor", "01. DangerousFloor\01. DangerousFloor.csproj", "{C4D11FFD-B2B6-4919-9F60-49FB8104472C}"
EndProject
Project("{9A19103F-16F7-4668-BE54-9A1E7A4F7556}") = "02. CryptoMaster", "02. CryptoMaster\02. CryptoMaster.csproj", "{7EFB60DE-94AD-4EAE-B2FA-341838058D57}"
EndProject
Project("{9A19103F-16F7-4668-BE54-9A1E7A4F7556}") = "03. GreedyTimes", "03. GreedyTimes\03. GreedyTimes.csproj", "{9BA4CF3C-40C5-4007-9D76-00D445FAEE5B}"
EndProject
Project("{9A19103F-16F7-4668-BE54-9A1E7A4F7556}") = "04. TreasureMap", "04. TreasureMap\04. TreasureMap.csproj", "{A1087F07-3FD8-42E3-A611-5A5F8C4C92FD}"
EndProject
Global
	GlobalSection(SolutionConfigurationPlatforms) = preSolution
		Debug|Any CPU = Debug|Any CPU
		Release|Any CPU = Release|Any CPU
	EndGlobalSection
	GlobalSection(ProjectConfigurationPlatforms) = postSolution
		{C4D11FFD-B2B6-4919-9F60-49FB8104472C}.Debug|Any CPU.ActiveCfg = Debug|Any CPU
		{C4D11FFD-B2B6-4919-9F60-49FB8104472C}.Debug|Any CPU.Build.0 = Debug|Any CPU
		{C4D11FFD-B2B6-4919-9F60-49FB8104472C}.Release|Any CPU.ActiveCfg = Release|Any CPU
		{C4D11FFD-B2B6-4919-9F60-49FB8104472C}.Release|Any CPU.Build.0 = Release|Any CPU
		{7EFB60DE-94AD-4EAE-B2FA-341838058D57}.Debug|Any CPU.ActiveCfg = Debug|Any CPU
		{7EFB60DE-94AD-4EAE-B2FA-341838058D57}.Debug|Any CPU.Build.0 = Debug|Any CPU
		{7EFB60DE-94AD-4EAE-B2FA-341838058D57}.Release|Any CPU.ActiveCfg = Release|Any CPU
		{7EFB60DE-94AD-4EAE-B2FA-341838058D57}.Release|Any CPU.Build.0 = Release|Any CPU
		{9BA4CF3C-40C5-4007-9D76-00D445FAEE5B}.Debug|Any CPU.ActiveCfg = Debug|Any CPU
		{9BA4CF3C-40C5-4007-9D76-00D445FAEE5B}.Debug|Any CPU.Build.0 = Debug|Any CPU
		{9BA4CF3C-40C5-4007-9D76-00D445FAEE5B}.Release|Any CPU.ActiveCfg = Release|Any CPU
		{9BA4CF3C-40C5-4007-9D76-00D445FAEE5B}.Release|Any CPU.Build.0 = Release|Any CPU
		{A1087F07-3FD8-42E3-A611-5A5F8C4C92FD}.Debug|Any CPU.ActiveCfg = Debug|Any CPU
		{A1087F07-3FD8-42E3-A611-5A5F8C4C92FD}.Debug|Any CPU.Build.0 = Debug|Any CPU
		{A1087F07-3FD8-42E3-A611-5A5F8C4C92FD}.Release|Any CPU.ActiveCfg = Release|Any CPU
		{A1087F07-3FD8-42E3-A611-5A5F8C4C92FD}.Release|Any CPU.Build.0 = Release|Any CPU
	EndGlobalSection
	GlobalSection(SolutionProperties) = preSolution
		HideSolutionNode = FALSE
	EndGlobalSection
	GlobalSection(ExtensibilityGlobals) = postSolution
		SolutionGuid = {2926ED07-04D4-4ABF-9533-00CC22CBED0A}
	EndGlobalSection
EndGlobal
