
Microsoft Visual Studio Solution File, Format Version 12.00
# Visual Studio 15
VisualStudioVersion = 15.0.27004.2002
MinimumVisualStudioVersion = 10.0.40219.1
Project("{FAE04EC0-301F-11D3-BF4B-00C04F79EFBC}") = "01. SumMatrixElements", "01. SumMatrixElements\01. SumMatrixElements.csproj", "{FB5081DF-AF69-4DEA-BA89-DA5C91C568A9}"
EndProject
Project("{FAE04EC0-301F-11D3-BF4B-00C04F79EFBC}") = "02. SquareWithMaximumSum", "02. SquareWithMaximumSum\02. SquareWithMaximumSum.csproj", "{A566DFC7-EA69-46D8-8286-B69B135E193E}"
EndProject
Project("{FAE04EC0-301F-11D3-BF4B-00C04F79EFBC}") = "03. GroupNumbers", "03. GroupNumbers\03. GroupNumbers.csproj", "{31A86B5F-BC9F-4A74-BCD8-F26AE2A01FCF}"
EndProject
Project("{FAE04EC0-301F-11D3-BF4B-00C04F79EFBC}") = "04. PascalTriangle", "04. PascalTriangle\04. PascalTriangle.csproj", "{A0505BEE-37F8-4953-AF27-FFEEB97200C0}"
EndProject
Global
	GlobalSection(SolutionConfigurationPlatforms) = preSolution
		Debug|Any CPU = Debug|Any CPU
		Release|Any CPU = Release|Any CPU
	EndGlobalSection
	GlobalSection(ProjectConfigurationPlatforms) = postSolution
		{FB5081DF-AF69-4DEA-BA89-DA5C91C568A9}.Debug|Any CPU.ActiveCfg = Debug|Any CPU
		{FB5081DF-AF69-4DEA-BA89-DA5C91C568A9}.Debug|Any CPU.Build.0 = Debug|Any CPU
		{FB5081DF-AF69-4DEA-BA89-DA5C91C568A9}.Release|Any CPU.ActiveCfg = Release|Any CPU
		{FB5081DF-AF69-4DEA-BA89-DA5C91C568A9}.Release|Any CPU.Build.0 = Release|Any CPU
		{A566DFC7-EA69-46D8-8286-B69B135E193E}.Debug|Any CPU.ActiveCfg = Debug|Any CPU
		{A566DFC7-EA69-46D8-8286-B69B135E193E}.Debug|Any CPU.Build.0 = Debug|Any CPU
		{A566DFC7-EA69-46D8-8286-B69B135E193E}.Release|Any CPU.ActiveCfg = Release|Any CPU
		{A566DFC7-EA69-46D8-8286-B69B135E193E}.Release|Any CPU.Build.0 = Release|Any CPU
		{31A86B5F-BC9F-4A74-BCD8-F26AE2A01FCF}.Debug|Any CPU.ActiveCfg = Debug|Any CPU
		{31A86B5F-BC9F-4A74-BCD8-F26AE2A01FCF}.Debug|Any CPU.Build.0 = Debug|Any CPU
		{31A86B5F-BC9F-4A74-BCD8-F26AE2A01FCF}.Release|Any CPU.ActiveCfg = Release|Any CPU
		{31A86B5F-BC9F-4A74-BCD8-F26AE2A01FCF}.Release|Any CPU.Build.0 = Release|Any CPU
		{A0505BEE-37F8-4953-AF27-FFEEB97200C0}.Debug|Any CPU.ActiveCfg = Debug|Any CPU
		{A0505BEE-37F8-4953-AF27-FFEEB97200C0}.Debug|Any CPU.Build.0 = Debug|Any CPU
		{A0505BEE-37F8-4953-AF27-FFEEB97200C0}.Release|Any CPU.ActiveCfg = Release|Any CPU
		{A0505BEE-37F8-4953-AF27-FFEEB97200C0}.Release|Any CPU.Build.0 = Release|Any CPU
	EndGlobalSection
	GlobalSection(SolutionProperties) = preSolution
		HideSolutionNode = FALSE
	EndGlobalSection
	GlobalSection(ExtensibilityGlobals) = postSolution
		SolutionGuid = {F5BDD821-4E57-4DC5-9866-C00E0AC469BA}
	EndGlobalSection
EndGlobal
